lockfileVersion: '9.0'

settings:
  autoInstallPeers: true
  excludeLinksFromLockfile: false

importers:

  .:
    dependencies:
      skills:
        specifier: 1.5.17
        version: 1.5.17

packages:

  skills@1.5.17:
    resolution: {integrity: sha512-Mi8P0sy/4rLYESPTCw4tso1hj87zpD3KRVg1iFUlLby2V0+SNAyWNHo/Gq9cruNww8oCSjB9S2hIWtUbVnklcg==}
    engines: {node: '>=18'}
    hasBin: true

  yaml@2.9.1:
    resolution: {integrity: sha512-3NxN8+78OdzbT7C/WjGsyfPAtJaN3FNDsWxv7Y7mcDsT/oOmgW8BpyQQFFBnvZE3j9Y2Sdz1ULFLezL7Eb2yFw==}
    engines: {node: '>= 14.6'}
    hasBin: true

snapshots:

  skills@1.5.17:
    dependencies:
      yaml: 2.9.1

  yaml@2.9.1: {}
