# @generated - this file is auto-generated by `mise lock` https://mise.jdx.dev/dev-tools/mise-lock.html

[[tools.actionlint]]
version = "1.7.12"
backend = "aqua:rhysd/actionlint"

[tools.actionlint."platforms.linux-x64"]
checksum = "sha256:8aca8db96f1b94770f1b0d72b6dddcb1ebb8123cb3712530b08cc387b349a3d8"
url = "https://github.com/rhysd/actionlint/releases/download/v1.7.12/actionlint_1.7.12_linux_amd64.tar.gz"
url_api = "https://api.github.com/repos/rhysd/actionlint/releases/assets/384924896"
provenance = "github-attestations"

[[tools.amazon-ecr-credential-helper]]
version = "0.9.1"
backend = "aqua:awslabs/amazon-ecr-credential-helper"

[tools.amazon-ecr-credential-helper."platforms.linux-x64"]
checksum = "sha256:c0054f2635b2f01b00f7bf6f88023ffe7fded15c533a85a493037607135eebac"
url = "https://amazon-ecr-credential-helper-releases.s3.us-east-2.amazonaws.com/0.9.1/linux-amd64/docker-credential-ecr-login"

[[tools.apm]]
version = "0.26.0"
backend = "github:microsoft/apm"

[tools.apm."platforms.linux-x64"]
checksum = "sha256:3afba455c5283852ba4c392f668be7c27b65bc4a0fa60a8b53a4626c52628431"
url = "https://github.com/microsoft/apm/releases/download/v0.26.0/apm-linux-x86_64.tar.gz"
url_api = "https://api.github.com/repos/microsoft/apm/releases/assets/481831780"

[[tools."aqua:Kampfkarren/selene"]]
version = "0.31.0"
backend = "aqua:Kampfkarren/selene"

[tools."aqua:Kampfkarren/selene"."platforms.linux-x64"]
checksum = "sha256:dac452422747999ec4919bbb8bb52992b66aae533b60022bf005669de8616671"
url = "https://github.com/Kampfkarren/selene/releases/download/0.31.0/selene-0.31.0-linux.zip"
url_api = "https://api.github.com/repos/Kampfkarren/selene/releases/assets/425779991"

[[tools."aqua:anordal/shellharden"]]
version = "4.3.2"
backend = "aqua:anordal/shellharden"

[tools."aqua:anordal/shellharden"."platforms.linux-x64"]
checksum = "sha256:270527e7cb76f39d980914d93b235ff056bfda22bb85de53469c7f2d42bf3751"
url = "https://github.com/anordal/shellharden/releases/download/v4.3.2/shellharden-x86_64-unknown-linux-musl.tar.gz"
url_api = "https://api.github.com/repos/anordal/shellharden/releases/assets/459691208"

[[tools."aqua:awslabs/eks-node-viewer"]]
version = "0.7.4"
backend = "aqua:awslabs/eks-node-viewer"

[tools."aqua:awslabs/eks-node-viewer"."platforms.linux-x64"]
checksum = "sha256:b1ca7d41485deea85c846caeccde28219fd5925a8c64585a4f87ae131b70d01a"
url = "https://github.com/awslabs/eks-node-viewer/releases/download/v0.7.4/eks-node-viewer_Linux_x86_64"
url_api = "https://api.github.com/repos/awslabs/eks-node-viewer/releases/assets/249148436"

[[tools."aqua:github/github-mcp-server"]]
version = "1.10.1"
backend = "aqua:github/github-mcp-server"

[tools."aqua:github/github-mcp-server"."platforms.linux-x64"]
checksum = "sha256:c2629e850a344275cfc5a1590acdfd8c11476a44b688812d460163768e05572d"
url = "https://github.com/github/github-mcp-server/releases/download/v1.10.1/github-mcp-server_Linux_x86_64.tar.gz"
url_api = "https://api.github.com/repos/github/github-mcp-server/releases/assets/522007554"
provenance = "github-attestations"

[[tools."aqua:go-delve/delve"]]
version = "1.26.3"
backend = "aqua:go-delve/delve"

[tools."aqua:go-delve/delve"."platforms.linux-x64"]
checksum = "sha256:cdd4d6b2a638d8f26468d82a76b766df594641490bea566629305d90fbccc06e"
url = "https://github.com/go-delve/delve/releases/download/v1.26.3/dlv_1.26.3_linux_amd64.tar.gz"
url_api = "https://api.github.com/repos/go-delve/delve/releases/assets/406886271"

[[tools."aqua:grafana/gcx"]]
version = "1.1.0"
backend = "aqua:grafana/gcx"

[tools."aqua:grafana/gcx"."platforms.linux-x64"]
checksum = "sha256:0c7867e99f5786b7e1b5ea449cf540c14b67f40c1c92c0f93031eaa2e0c38df9"
url = "https://github.com/grafana/gcx/releases/download/v1.1.0/gcx_1.1.0_linux_amd64.tar.gz"
url_api = "https://api.github.com/repos/grafana/gcx/releases/assets/514303327"

[[tools."aqua:knqyf263/pet"]]
version = "1.0.1"
backend = "aqua:knqyf263/pet"

[tools."aqua:knqyf263/pet"."platforms.linux-x64"]
checksum = "sha256:be6ca6b64953f3c63430b1519382bdf56a062a03944b9a3723513b285c91dd20"
url = "https://github.com/knqyf263/pet/releases/download/v1.0.1/pet_1.0.1_linux_amd64.tar.gz"
url_api = "https://api.github.com/repos/knqyf263/pet/releases/assets/211872012"

[[tools."aqua:kubescape/kubescape"]]
version = "4.0.10"
backend = "aqua:kubescape/kubescape"

[tools."aqua:kubescape/kubescape"."platforms.linux-x64"]
checksum = "sha256:61e6e8434577078aec6d8d07a0c8877d527f07db0963902bd4ca320d23bb1f15"
url = "https://github.com/kubescape/kubescape/releases/download/v4.0.10/kubescape_4.0.10_linux_amd64.tar.gz"
url_api = "https://api.github.com/repos/kubescape/kubescape/releases/assets/461849343"
provenance = "github-attestations"

[[tools.argocd]]
version = "3.4.2"
backend = "aqua:argoproj/argo-cd"

[tools.argocd."platforms.linux-x64"]
checksum = "sha256:d4cb1ac8002baab8afaca2da3de597b613df8459074bc7c6d96dc95161c2a33f"
url = "https://github.com/argoproj/argo-cd/releases/download/v3.4.2/argocd-linux-amd64"
url_api = "https://api.github.com/repos/argoproj/argo-cd/releases/assets/418714527"

[tools.argocd."platforms.linux-x64".provenance.slsa]
url = "https://github.com/argoproj/argo-cd/releases/download/v3.4.2/argocd-cli.intoto.jsonl"

[[tools.aws-vault]]
version = "7.13.3"
backend = "aqua:ByteNess/aws-vault"

[tools.aws-vault."platforms.linux-x64"]
checksum = "sha256:257f098064e799f5e3a381850f1b8ded67e06c8f875f6c015a654bfd8288a829"
url = "https://github.com/ByteNess/aws-vault/releases/download/v7.13.3/aws-vault-linux-amd64"
url_api = "https://api.github.com/repos/ByteNess/aws-vault/releases/assets/501551873"

[[tools.awscli]]
version = "2.36.31"
backend = "aqua:aws/aws-cli"

[tools.awscli."platforms.linux-x64"]
checksum = "blake3:2e9a06f513dabf8b64e46734c0327e4c2c4a4ba8bbc3f770d6fc28cca8d8b069"
url = "https://awscli.amazonaws.com/awscli-exe-linux-x86_64-2.36.31.zip"

[[tools.bats]]
version = "1.14.0"
backend = "aqua:bats-core/bats-core"

[tools.bats."platforms.linux-x64"]
checksum = "blake3:9b3dc5d296f3da85ce1062c7f9648c979cf2b982f0151f785eaa84d448dec779"
url = "https://github.com/bats-core/bats-core/archive/refs/tags/v1.14.0.tar.gz"
url_api = "https://api.github.com/repos/bats-core/bats-core/tarball/v1.14.0"

[[tools.bun]]
version = "1.3.14"
backend = "core:bun"

[tools.bun."platforms.linux-x64"]
checksum = "sha256:951ee2aee855f08595aeec6225226a298d3fea83a3dcd6465c09cbccdf7e848f"
url = "https://github.com/oven-sh/bun/releases/download/bun-v1.3.14/bun-linux-x64.zip"

[tools.bun."platforms.linux-x64-baseline"]
checksum = "sha256:a063908ae08b7852ca10939bbdc6ceed3ddabce8fb9402dce83d65d73b36e6c7"
url = "https://github.com/oven-sh/bun/releases/download/bun-v1.3.14/bun-linux-x64-baseline.zip"

[tools.bun."platforms.linux-x64-musl"]
checksum = "sha256:14bd9aedeebf1dba67e8def9531c89bc989ecfdf1de42e5bfcaf1b8cd9294719"
url = "https://github.com/oven-sh/bun/releases/download/bun-v1.3.14/bun-linux-x64-musl.zip"

[tools.bun."platforms.linux-x64-musl-baseline"]
checksum = "sha256:56a7d6806cf155536c0178f0ea5fbd098e684fa509ebdb4fc0a7e19fb65382dc"
url = "https://github.com/oven-sh/bun/releases/download/bun-v1.3.14/bun-linux-x64-musl-baseline.zip"

[[tools.cocogitto]]
version = "7.0.0"
backend = "aqua:cocogitto/cocogitto"

[tools.cocogitto."platforms.linux-x64"]
checksum = "sha256:e03938ff2c4c86d71c00c0f3284dbbe95c5ca76fe34a51f33e945c23010d59bb"
url = "https://github.com/cocogitto/cocogitto/releases/download/7.0.0/cocogitto-7.0.0-x86_64-unknown-linux-musl.tar.gz"
url_api = "https://api.github.com/repos/cocogitto/cocogitto/releases/assets/366659350"

[[tools.conftest]]
version = "0.61.0"
backend = "aqua:open-policy-agent/conftest"

[tools.conftest."platforms.linux-x64"]
checksum = "sha256:26fd1f31fe01d93d3d1ac53c5cfbe346220f189095370cf7777ff9bb696e3dfd"
url = "https://github.com/open-policy-agent/conftest/releases/download/v0.61.0/conftest_0.61.0_Linux_x86_64.tar.gz"
url_api = "https://api.github.com/repos/open-policy-agent/conftest/releases/assets/259309072"

[[tools.crane]]
version = "0.21.9"
backend = "aqua:google/go-containerregistry"

[tools.crane."platforms.linux-x64"]
checksum = "sha256:5c16d8ddb971cb1d5e6ed8b1e743da8224414eeba2c2762d8f1a61b2f095699e"
url = "https://github.com/google/go-containerregistry/releases/download/v0.21.9/go-containerregistry_Linux_x86_64.tar.gz"
url_api = "https://api.github.com/repos/google/go-containerregistry/releases/assets/503108053"

[[tools.dive]]
version = "0.13.1"
backend = "aqua:wagoodman/dive"

[tools.dive."platforms.linux-x64"]
checksum = "sha256:0970549eb4a306f8825a84145a2534153badb4d7dcf3febd1967c706367c3d0e"
url = "https://github.com/wagoodman/dive/releases/download/v0.13.1/dive_0.13.1_linux_amd64.tar.gz"
url_api = "https://api.github.com/repos/wagoodman/dive/releases/assets/241842462"

[[tools.dyff]]
version = "1.10.1"
backend = "aqua:homeport/dyff"

[tools.dyff."platforms.linux-x64"]
checksum = "sha256:fa35de9f24d5e322fa3713588f5931145ec59212ca59ab7aa4b51fbdb44c37e3"
url = "https://github.com/homeport/dyff/releases/download/v1.10.1/dyff_1.10.1_linux_amd64.tar.gz"
url_api = "https://api.github.com/repos/homeport/dyff/releases/assets/235469133"

[[tools.editorconfig-checker]]
version = "3.11.1"
backend = "aqua:editorconfig-checker/editorconfig-checker"

[tools.editorconfig-checker."platforms.linux-x64"]
checksum = "sha256:5a37922963248451e88149251e49f6ae08f69717a3918202a51fe9945e19691e"
url = "https://github.com/editorconfig-checker/editorconfig-checker/releases/download/v3.11.1/ec-linux-amd64.tar.gz"
url_api = "https://api.github.com/repos/editorconfig-checker/editorconfig-checker/releases/assets/506306099"

[[tools.fx]]
version = "39.2.0"
backend = "aqua:antonmedv/fx"

[tools.fx."platforms.linux-x64"]
checksum = "sha256:17ea6549c7cf0b8be5ec109d04da7fbf1d5de9f7b99d957a6215081933528afe"
url = "https://github.com/antonmedv/fx/releases/download/39.2.0/fx_linux_amd64"
url_api = "https://api.github.com/repos/antonmedv/fx/releases/assets/315468989"

[[tools.gh]]
version = "2.98.0"
backend = "aqua:cli/cli"

[tools.gh."platforms.linux-x64"]
checksum = "sha256:3b8ac6b30336802fc1a858d7c084e11cdf24ac1a761ca90b68022d7d729208de"
url = "https://github.com/cli/cli/releases/download/v2.98.0/gh_2.98.0_linux_amd64.tar.gz"
url_api = "https://api.github.com/repos/cli/cli/releases/assets/522857901"
provenance = "github-attestations"

[[tools."github:YiNNx/cmd-wrapped"]]
version = "0.4.1"
backend = "github:YiNNx/cmd-wrapped"

[tools."github:YiNNx/cmd-wrapped"."platforms.linux-x64"]
url = "https://github.com/YiNNx/cmd-wrapped/releases/download/v0.4.1/cmd-wrapped-x86_64-linux.zip"
url_api = "https://api.github.com/repos/YiNNx/cmd-wrapped/releases/assets/189747255"

[[tools."github:docker/docker-credential-helpers"]]
version = "0.9.3"
backend = "github:docker/docker-credential-helpers"

[tools."github:docker/docker-credential-helpers".options]
asset_pattern = "docker-credential-pass-*.linux-amd64"

[tools."github:docker/docker-credential-helpers"."platforms.linux-x64"]
checksum = "sha256:dc2d864f5f4e4ddfb23ef8e2193626f5f26eee5be1e49ff2a9ba40d4298392e0"
url = "https://github.com/docker/docker-credential-helpers/releases/download/v0.9.3/docker-credential-pass-v0.9.3.linux-amd64"
url_api = "https://api.github.com/repos/docker/docker-credential-helpers/releases/assets/237482408"

[[tools.go]]
version = "1.26.6"
backend = "core:go"

[tools.go."platforms.linux-x64"]
checksum = "sha256:708effb774be8237570d0add163225abbdfaf4fca28b2611df167beba4feef89"
url = "https://dl.google.com/go/go1.26.6.linux-amd64.tar.gz"

[[tools."go:github.com/cweill/gotests/..."]]
version = "1.6.0"
backend = "go:github.com/cweill/gotests/..."

[[tools."go:github.com/fatih/gomodifytags"]]
version = "1.17.0"
backend = "go:github.com/fatih/gomodifytags"

[[tools."go:github.com/hashicorp/hcl/v2/cmd/hclfmt"]]
version = "2.24.0"
backend = "go:github.com/hashicorp/hcl/v2/cmd/hclfmt"

[[tools."go:github.com/hashicorp/terraform-mcp-server/cmd/terraform-mcp-server"]]
version = "1.2.0"
backend = "go:github.com/hashicorp/terraform-mcp-server/cmd/terraform-mcp-server"

[[tools."go:github.com/josharian/impl"]]
version = "1.4.0"
backend = "go:github.com/josharian/impl"

[[tools."go:github.com/slsa-framework/slsa-verifier/v2/cli/slsa-verifier"]]
version = "2.7.1"
backend = "go:github.com/slsa-framework/slsa-verifier/v2/cli/slsa-verifier"

[[tools."go:golang.org/x/tools/cmd/goimports"]]
version = "0.49.0"
backend = "go:golang.org/x/tools/cmd/goimports"

[[tools.gofumpt]]
version = "0.10.0"
backend = "aqua:mvdan/gofumpt"

[tools.gofumpt."platforms.linux-x64"]
checksum = "sha256:48ee398ec72afdaca6accb70f5ed741349d5dcccb52c5bb4c4469d698980b186"
url = "https://github.com/mvdan/gofumpt/releases/download/v0.10.0/gofumpt_v0.10.0_linux_amd64"
url_api = "https://api.github.com/repos/mvdan/gofumpt/releases/assets/411914544"

[[tools.golangci-lint]]
version = "2.1.6"
backend = "aqua:golangci/golangci-lint"

[tools.golangci-lint."platforms.linux-x64"]
checksum = "sha256:e55e0eb515936c0fbd178bce504798a9bd2f0b191e5e357768b18fd5415ee541"
url = "https://github.com/golangci/golangci-lint/releases/download/v2.1.6/golangci-lint-2.1.6-linux-amd64.tar.gz"
url_api = "https://api.github.com/repos/golangci/golangci-lint/releases/assets/251764987"

[[tools.gopass]]
version = "1.16.1"
backend = "aqua:gopasspw/gopass"

[tools.gopass."platforms.linux-x64"]
checksum = "sha256:be77309ba4491cedfb847155380fc04c3f356231d368721ee3c69b77ab0c0eb7"
url = "https://github.com/gopasspw/gopass/releases/download/v1.16.1/gopass-1.16.1-linux-amd64.tar.gz"
url_api = "https://api.github.com/repos/gopasspw/gopass/releases/assets/328236149"

[[tools.gotestsum]]
version = "1.13.0"
backend = "aqua:gotestyourself/gotestsum"

[tools.gotestsum."platforms.linux-x64"]
checksum = "sha256:11ccddeaf708ef228889f9fe2f68291a75b27013ddfc3b18156e094f5f40e8ee"
url = "https://github.com/gotestyourself/gotestsum/releases/download/v1.13.0/gotestsum_1.13.0_linux_amd64.tar.gz"
url_api = "https://api.github.com/repos/gotestyourself/gotestsum/releases/assets/291996833"

[[tools.granted]]
version = "0.38.0"
backend = "aqua:fwdcloudsec/granted"

[tools.granted."platforms.linux-x64"]
checksum = "sha256:2547cc521f1c932b32d0132b8fd82f43d1880f53a457b17b58b2f27711ed20bc"
url = "https://github.com/fwdcloudsec/granted/releases/download/v0.38.0/granted_0.38.0_linux_x86_64.tar.gz"
url_api = "https://api.github.com/repos/fwdcloudsec/granted/releases/assets/233275667"

[[tools.hadolint]]
version = "2.12.0"
backend = "aqua:hadolint/hadolint"

[tools.hadolint."platforms.linux-x64"]
checksum = "sha256:56de6d5e5ec427e17b74fa48d51271c7fc0d61244bf5c90e828aab8362d55010"
url = "https://github.com/hadolint/hadolint/releases/download/v2.12.0/hadolint-Linux-x86_64"
url_api = "https://api.github.com/repos/hadolint/hadolint/releases/assets/84037697"

[[tools.helm]]
version = "4.2.2"
backend = "aqua:helm/helm"

[tools.helm."platforms.linux-x64"]
checksum = "sha256:9adafecab4d406853bba163a70e9f104f47dbbf65ce24b7653bae7e36150bcb6"
url = "https://get.helm.sh/helm-v4.2.2-linux-amd64.tar.gz"

[[tools.helm-ct]]
version = "3.14.0"
backend = "aqua:helm/chart-testing"

[tools.helm-ct."platforms.linux-x64"]
checksum = "sha256:d16f0583616885423826241164ce1f6589c6fe5332fa74f374ebd2bd3cb3fe1f"
url = "https://github.com/helm/chart-testing/releases/download/v3.14.0/chart-testing_3.14.0_linux_amd64.tar.gz"
url_api = "https://api.github.com/repos/helm/chart-testing/releases/assets/301945176"

[[tools.helm-diff]]
version = "3.15.10"
backend = "github:databus23/helm-diff"

[tools.helm-diff."platforms.linux-x64"]
checksum = "sha256:ffeff863e4a3cbe83282a13a55ee972f7497966dfb66f326a117f9b094fff161"
url = "https://github.com/databus23/helm-diff/releases/download/v3.15.10/helm-diff-linux-amd64.tgz"
url_api = "https://api.github.com/repos/databus23/helm-diff/releases/assets/449648505"

[[tools.helm-docs]]
version = "1.14.2"
backend = "aqua:norwoodj/helm-docs"

[tools.helm-docs."platforms.linux-x64"]
checksum = "sha256:a8cf72ada34fad93285ba2a452b38bdc5bd52cc9a571236244ec31022928d6cc"
url = "https://github.com/norwoodj/helm-docs/releases/download/v1.14.2/helm-docs_1.14.2_Linux_x86_64.tar.gz"
url_api = "https://api.github.com/repos/norwoodj/helm-docs/releases/assets/178327210"

[[tools.helmfile]]
version = "1.5.2"
backend = "aqua:helmfile/helmfile"

[tools.helmfile."platforms.linux-x64"]
checksum = "sha256:96e342ff19a45c2e36371f93cf6264f3ef285bbde0fc363e56cb53bdef3df1ff"
url = "https://github.com/helmfile/helmfile/releases/download/v1.5.2/helmfile_1.5.2_linux_amd64.tar.gz"
url_api = "https://api.github.com/repos/helmfile/helmfile/releases/assets/426654336"

[[tools.herdr]]
version = "0.8.0"
backend = "aqua:herdrdev/herdr"

[tools.herdr."platforms.linux-x64"]
checksum = "sha256:b872ea7e40fa2cb17e857ac9b62b1bf26db7b403c622f5d2f3f5b35f6e9acd28"
url = "https://github.com/herdrdev/herdr/releases/download/v0.8.0/herdr-linux-x86_64"
url_api = "https://api.github.com/repos/herdrdev/herdr/releases/assets/500422625"

[[tools."http-deb:session-manager-plugin"]]
version = "1.2.835.0"
backend = "http-deb:session-manager-plugin"

[[tools.hunk]]
version = "0.17.0"
backend = "aqua:modem-dev/hunk"

[tools.hunk."platforms.linux-x64"]
checksum = "sha256:0c626f7a6687a9826304ea1df696da5d49edf84271eccdf57ffff5834289e0e2"
url = "https://github.com/modem-dev/hunk/releases/download/v0.17.0/hunkdiff-linux-x64.tar.gz"
url_api = "https://api.github.com/repos/modem-dev/hunk/releases/assets/468967650"

[[tools.infracost]]
version = "0.10.41"
backend = "aqua:infracost/infracost"

[tools.infracost."platforms.linux-x64"]
checksum = "sha256:9e37a53ba65dd4ad1e25d6023e8ef511c47c8d80d2b064e8bc2598d983ef79e5"
url = "https://github.com/infracost/infracost/releases/download/v0.10.41/infracost-linux-amd64.tar.gz"
url_api = "https://api.github.com/repos/infracost/infracost/releases/assets/235083393"

[[tools.istioctl]]
version = "1.30.2"
backend = "aqua:istio/istio/istioctl"

[tools.istioctl."platforms.linux-x64"]
checksum = "sha256:7d657367ab702d6fca03a1db626559435a10debc621fab5259d277e2822ed53e"
url = "https://github.com/istio/istio/releases/download/1.30.2/istioctl-1.30.2-linux-amd64.tar.gz"
url_api = "https://api.github.com/repos/istio/istio/releases/assets/456822902"

[[tools.jqp]]
version = "0.7.0"
backend = "aqua:noahgorstein/jqp"

[tools.jqp."platforms.linux-x64"]
checksum = "sha256:53d595ad76f2a91dcba0b1de71f720c36c3021e37fe114184b4eb4d949c4d2bc"
url = "https://github.com/noahgorstein/jqp/releases/download/v0.7.0/jqp_Linux_x86_64.tar.gz"
url_api = "https://api.github.com/repos/noahgorstein/jqp/releases/assets/172834962"

[[tools.jwt]]
version = "6.2.0"
backend = "aqua:mike-engel/jwt-cli"

[tools.jwt."platforms.linux-x64"]
checksum = "sha256:bf5cb1f120842cbc4df003d6694e0951e93f47be78c03f8e747629bdfd0796df"
url = "https://github.com/mike-engel/jwt-cli/releases/download/6.2.0/jwt-linux-musl.tar.gz"
url_api = "https://api.github.com/repos/mike-engel/jwt-cli/releases/assets/209429616"

[[tools.k9s]]
version = "0.51.0"
backend = "aqua:derailed/k9s"

[tools.k9s."platforms.linux-x64"]
checksum = "sha256:c3752ad51a5a4015a113819c4eeb6e55a4d0e4b8e652494797532f6fc8161dd7"
url = "https://github.com/derailed/k9s/releases/download/v0.51.0/k9s_Linux_amd64.tar.gz"
url_api = "https://api.github.com/repos/derailed/k9s/releases/assets/440224321"

[[tools.kind]]
version = "0.32.0"
backend = "aqua:kubernetes-sigs/kind"

[tools.kind."platforms.linux-x64"]
checksum = "sha256:50030de23cf40a18505f20426f6a8506bedf13c6e509244bd1fa9463721b0f54"
url = "https://github.com/kubernetes-sigs/kind/releases/download/v0.32.0/kind-linux-amd64"
url_api = "https://api.github.com/repos/kubernetes-sigs/kind/releases/assets/436442498"

[[tools.krew]]
version = "0.5.0"
backend = "aqua:kubernetes-sigs/krew"

[tools.krew."platforms.linux-x64"]
checksum = "sha256:5d5a221fffdf331d1c5c68d9917530ecd102e0def5b5a6d62eeed1c404efb28a"
url = "https://github.com/kubernetes-sigs/krew/releases/download/v0.5.0/krew-linux_amd64.tar.gz"
url_api = "https://api.github.com/repos/kubernetes-sigs/krew/releases/assets/362537140"

[[tools.kube-linter]]
version = "0.8.3"
backend = "aqua:stackrox/kube-linter"

[tools.kube-linter."platforms.linux-x64"]
checksum = "sha256:618d299a3e2839c8ca9d86fce0db617be0fba41f0fecbbbfb7fbf1c04299fae1"
url = "https://github.com/stackrox/kube-linter/releases/download/v0.8.3/kube-linter-linux"
url_api = "https://api.github.com/repos/stackrox/kube-linter/releases/assets/370825076"
provenance = "cosign"

[[tools.kube-score]]
version = "1.20.0"
backend = "aqua:zegl/kube-score"

[tools.kube-score."platforms.linux-x64"]
checksum = "sha256:ff777b4b3f45905b2d22c69e93c57a7a170e61529a79d54e59cb95cca4bc2a55"
url = "https://github.com/zegl/kube-score/releases/download/v1.20.0/kube-score_1.20.0_linux_amd64.tar.gz"
url_api = "https://api.github.com/repos/zegl/kube-score/releases/assets/250177072"

[[tools.kubecolor]]
version = "0.6.0"
backend = "aqua:kubecolor/kubecolor"

[tools.kubecolor."platforms.linux-x64"]
checksum = "sha256:ded167eb2d94145cc46e4ccb52db24e85a865858353014514a85cb59c649d2fe"
url = "https://github.com/kubecolor/kubecolor/releases/download/v0.6.0/kubecolor_0.6.0_linux_amd64.tar.gz"
url_api = "https://api.github.com/repos/kubecolor/kubecolor/releases/assets/394790528"
provenance = "github-attestations"

[[tools.kubeconform]]
version = "0.7.0"
backend = "aqua:yannh/kubeconform"

[tools.kubeconform."platforms.linux-x64"]
checksum = "sha256:c31518ddd122663b3f3aa874cfe8178cb0988de944f29c74a0b9260920d115d3"
url = "https://github.com/yannh/kubeconform/releases/download/v0.7.0/kubeconform-linux-amd64.tar.gz"
url_api = "https://api.github.com/repos/yannh/kubeconform/releases/assets/253886788"

[[tools.kubectl]]
version = "1.36.3"
backend = "aqua:kubernetes/kubernetes/kubectl"

[tools.kubectl."platforms.linux-x64"]
checksum = "sha256:ebbd080e7c2e275093b55915722043257eb24004363e20acb3c4d71919f88336"
url = "https://dl.k8s.io/v1.36.3/bin/linux/amd64/kubectl"

[[tools.kubectx]]
version = "0.11.0"
backend = "aqua:ahmetb/kubectx"

[tools.kubectx."platforms.linux-x64"]
checksum = "sha256:08e031c54fbffb3f100e904e4eae94bba2730fedf4869921fda79e4d7a8f5d4c"
url = "https://github.com/ahmetb/kubectx/releases/download/v0.11.0/kubectx_v0.11.0_linux_x86_64.tar.gz"
url_api = "https://api.github.com/repos/ahmetb/kubectx/releases/assets/382590978"

[[tools.kubens]]
version = "0.11.0"
backend = "aqua:ahmetb/kubectx/kubens"

[tools.kubens."platforms.linux-x64"]
checksum = "sha256:326c021c7b35468ed9a187b361198d0f22ae32828139c65eb6670c0d8301cc09"
url = "https://github.com/ahmetb/kubectx/releases/download/v0.11.0/kubens_v0.11.0_linux_x86_64.tar.gz"
url_api = "https://api.github.com/repos/ahmetb/kubectx/releases/assets/382591017"

[[tools.kyverno]]
version = "1.18.1"
backend = "aqua:kyverno/kyverno"

[tools.kyverno."platforms.linux-x64"]
checksum = "sha256:5e6bba9ca85beec6c93e94ca7fb0972a66df3b2e67636a08bef090cd3fc6535c"
url = "https://github.com/kyverno/kyverno/releases/download/v1.18.1/kyverno-cli_v1.18.1_linux_x86_64.tar.gz"
url_api = "https://api.github.com/repos/kyverno/kyverno/releases/assets/423201067"
provenance = "cosign"

[[tools.lazydocker]]
version = "0.25.2"
backend = "aqua:jesseduffield/lazydocker"

[tools.lazydocker."platforms.linux-x64"]
checksum = "sha256:0d9dbfc26068b218e7ed84b104748cadc6e3cf733c0afd35465306fb39b9523c"
url = "https://github.com/jesseduffield/lazydocker/releases/download/v0.25.2/lazydocker_0.25.2_Linux_x86_64.tar.gz"
url_api = "https://api.github.com/repos/jesseduffield/lazydocker/releases/assets/399711577"

[[tools.lefthook]]
version = "2.1.12"
backend = "aqua:evilmartians/lefthook"

[tools.lefthook."platforms.linux-x64"]
checksum = "sha256:dad908593c859d139b886c14913a44401d95288aa7642d9bdf6f3bd36bd788ff"
url = "https://github.com/evilmartians/lefthook/releases/download/v2.1.12/lefthook_2.1.12_Linux_x86_64.gz"
url_api = "https://api.github.com/repos/evilmartians/lefthook/releases/assets/533627780"
provenance = "github-attestations"

[[tools.ls-lint]]
version = "2.3.1"
backend = "aqua:loeffel-io/ls-lint"

[tools.ls-lint."platforms.linux-x64"]
checksum = "sha256:b5a0d2e4427ad039fbc574551f17679f38f142b25d15e0e538769f8cf15af397"
url = "https://github.com/loeffel-io/ls-lint/releases/download/v2.3.1/ls-lint-linux-amd64"
url_api = "https://api.github.com/repos/loeffel-io/ls-lint/releases/assets/260857547"

[[tools.lychee]]
version = "0.24.2"
backend = "aqua:lycheeverse/lychee"

[tools.lychee."platforms.linux-x64"]
checksum = "sha256:73657a111819a30c47c08352896796f23d64e4eb2b3ed39b6d32149241566fc5"
url = "https://github.com/lycheeverse/lychee/releases/download/lychee-v0.24.2/lychee-x86_64-unknown-linux-musl.tar.gz"
url_api = "https://api.github.com/repos/lycheeverse/lychee/releases/assets/409959271"

[[tools.node]]
version = "24.11.0"
backend = "core:node"

[tools.node."platforms.linux-x64"]
checksum = "sha256:b3c071cdf47aab867c3b2aa287257df12ec5d7c962bf922b32fd33226c4295fd"
url = "https://nodejs.org/dist/v24.11.0/node-v24.11.0-linux-x64.tar.gz"

[[tools.nono]]
version = "0.74.0"
backend = "github:nolabs-ai/nono"

[tools.nono."platforms.linux-x64"]
checksum = "sha256:b625399efd48490d6367a6159e5241263aa7ac2e464d21a6ec29d9ebfbfdd4b3"
url = "https://github.com/nolabs-ai/nono/releases/download/v0.74.0/nono-v0.74.0-x86_64-unknown-linux-gnu.tar.gz"
url_api = "https://api.github.com/repos/nolabs-ai/nono/releases/assets/520878363"
provenance = "github-attestations"
provenance_verified = true

[[tools."npm:@antfu/ni"]]
version = "28.0.0"
backend = "npm:@antfu/ni"

[[tools."npm:@mermaid-js/mermaid-cli"]]
version = "11.16.0"
backend = "npm:@mermaid-js/mermaid-cli"

[tools."npm:@mermaid-js/mermaid-cli".options]
allow_builds = '["puppeteer"]'
trust_policy_excludes = '["cytoscape@3.34.1"]'

[[tools."npm:@redocly/cli"]]
version = "1.34.3"
backend = "npm:@redocly/cli"

[[tools."npm:agent-browser"]]
version = "0.27.0"
backend = "npm:agent-browser"

[[tools."npm:ctx7"]]
version = "0.5.5"
backend = "npm:ctx7"

[[tools."npm:czg"]]
version = "1.13.0"
backend = "npm:czg"

[[tools."npm:defuddle"]]
version = "0.18.1"
backend = "npm:defuddle"

[[tools."npm:eslint"]]
version = "10.9.0"
backend = "npm:eslint"

[[tools."npm:git-open"]]
version = "3.1.0"
backend = "npm:git-open"

[[tools."npm:gitmoji-cli"]]
version = "9.6.0"
backend = "npm:gitmoji-cli"

[[tools."npm:kubernetes-mcp-server"]]
version = "0.0.66"
backend = "npm:kubernetes-mcp-server"

[[tools."npm:obsidian-headless"]]
version = "0.0.8"
backend = "npm:obsidian-headless"

[[tools."npm:renovate"]]
version = "44.21.0"
backend = "npm:renovate"

[tools."npm:renovate".options]
allow_builds = '["re2"]'
trust_policy_excludes = '["@yarnpkg/libzip@3.2.2"]'

[[tools."npm:skills"]]
version = "1.5.17"
backend = "npm:skills"

[[tools."npm:stylelint"]]
version = "17.11.0"
backend = "npm:stylelint"

[[tools."npm:stylelint-config-standard"]]
version = "40.0.0"
backend = "npm:stylelint-config-standard"

[[tools."npm:tokscale"]]
version = "4.12.0"
backend = "npm:tokscale"

[[tools.oxipng]]
version = "10.2.0"
backend = "aqua:oxipng/oxipng"

[tools.oxipng."platforms.linux-x64"]
checksum = "sha256:a27ecb29faab9da1549f4a243bab12f1e43e4ed8ae6a2a2186a543dc9ffd3956"
url = "https://github.com/oxipng/oxipng/releases/download/v10.2.0/oxipng-10.2.0-x86_64-unknown-linux-musl.tar.gz"
url_api = "https://api.github.com/repos/oxipng/oxipng/releases/assets/506928028"

[[tools."pipx:litellm"]]
version = "1.88.0"
backend = "pipx:litellm"

[tools."pipx:litellm".options]
extras = "proxy,extra_proxy"
uvx_args = "--python 3.13.14"

[[tools."pipx:markitdown"]]
version = "0.1.5"
backend = "pipx:markitdown"

[tools."pipx:markitdown".options]
extras = "all"

[[tools."pipx:mcp-grafana"]]
version = "1.1.0"
backend = "pipx:mcp-grafana"

[[tools."pipx:mcp-proxy-for-aws"]]
version = "1.6.4"
backend = "pipx:mcp-proxy-for-aws"

[[tools."pipx:pre-commit-hooks"]]
version = "6.0.0"
backend = "pipx:pre-commit-hooks"

[[tools."pipx:semble"]]
version = "0.1.10"
backend = "pipx:semble"

[[tools."pipx:sqlfluff"]]
version = "4.3.0"
backend = "pipx:sqlfluff"

[[tools."pipx:zensical"]]
version = "0.0.57"
backend = "pipx:zensical"

[[tools.pluto]]
version = "5.24.0"
backend = "aqua:FairwindsOps/pluto"

[tools.pluto."platforms.linux-x64"]
checksum = "sha256:b37fd6548e80614ffff5b3452a5e309d477ea61477519316bf9241246a9c4cbb"
url = "https://github.com/FairwindsOps/pluto/releases/download/v5.24.0/pluto_5.24.0_linux_amd64.tar.gz"
url_api = "https://api.github.com/repos/FairwindsOps/pluto/releases/assets/406818508"
provenance = "cosign"

[[tools.pnpm]]
version = "11.3.0"
backend = "aqua:pnpm/pnpm"

[tools.pnpm."platforms.linux-x64"]
checksum = "sha256:6eb506b53297eb1186ba0cbff1577bb26d17713835a01a5342dcafae550827ce"
url = "https://github.com/pnpm/pnpm/releases/download/v11.3.0/pnpm-linux-x64.tar.gz"
url_api = "https://api.github.com/repos/pnpm/pnpm/releases/assets/428449600"
provenance = "github-attestations"

[[tools.prettier]]
version = "3.8.1"
backend = "npm:prettier"

[[tools.python]]
version = "3.13.14"
backend = "core:python"

[tools.python."platforms.linux-x64"]
checksum = "sha256:39e82d05926bdcd206732026bcd878d9f00e288cd227d91c1fabf379b6ea4fa5"
url = "https://github.com/astral-sh/python-build-standalone/releases/download/20260805/cpython-3.13.14+20260805-x86_64-unknown-linux-gnu-install_only_stripped.tar.gz"
provenance = "github-attestations"

[[tools.rtk]]
version = "0.43.0"
backend = "aqua:rtk-ai/rtk"

[tools.rtk."platforms.linux-x64"]
checksum = "sha256:ff8a1e7766496e175291a85aeca1dc97c9ff6df33e51e5893d1fbc78fea2a609"
url = "https://github.com/rtk-ai/rtk/releases/download/v0.43.0/rtk-x86_64-unknown-linux-musl.tar.gz"
url_api = "https://api.github.com/repos/rtk-ai/rtk/releases/assets/460115882"

[[tools.ruff]]
version = "0.16.3"
backend = "aqua:astral-sh/ruff"

[tools.ruff."platforms.linux-x64"]
checksum = "sha256:d67c9b5949981698c48915abf65e0b3406ba9184ad73521cdf20a926bc889c73"
url = "https://github.com/astral-sh/ruff/releases/download/0.16.3/ruff-x86_64-unknown-linux-musl.tar.gz"
url_api = "https://api.github.com/repos/astral-sh/ruff/releases/assets/513140356"
provenance = "github-attestations"

[[tools.rumdl]]
version = "0.2.60"
backend = "aqua:rvben/rumdl"

[tools.rumdl."platforms.linux-x64"]
checksum = "sha256:29960e723db9cb52c8321e0cc56609cab9343ae8cd240ca16d006df38e865f7a"
url = "https://github.com/rvben/rumdl/releases/download/v0.2.60/rumdl-v0.2.60-x86_64-unknown-linux-musl.tar.gz"
url_api = "https://api.github.com/repos/rvben/rumdl/releases/assets/524937023"
provenance = "github-attestations"

[[tools.shellcheck]]
version = "0.11.0"
backend = "aqua:koalaman/shellcheck"

[tools.shellcheck."platforms.linux-x64"]
checksum = "sha256:8c3be12b05d5c177a04c29e3c78ce89ac86f1595681cab149b65b97c4e227198"
url = "https://github.com/koalaman/shellcheck/releases/download/v0.11.0/shellcheck-v0.11.0.linux.x86_64.tar.xz"
url_api = "https://api.github.com/repos/koalaman/shellcheck/releases/assets/279056942"

[[tools.shfmt]]
version = "3.13.1"
backend = "aqua:mvdan/sh"

[tools.shfmt."platforms.linux-x64"]
checksum = "sha256:fb096c5d1ac6beabbdbaa2874d025badb03ee07929f0c9ff67563ce8c75398b1"
url = "https://github.com/mvdan/sh/releases/download/v3.13.1/shfmt_v3.13.1_linux_amd64"
url_api = "https://api.github.com/repos/mvdan/sh/releases/assets/390322866"

[[tools.skaffold]]
version = "2.24.0"
backend = "aqua:GoogleContainerTools/skaffold"

[tools.skaffold."platforms.linux-x64"]
checksum = "blake3:0d954128ae845bc951a394aa62a39186556c7171e3e5bef05e72c46154c296f8"
url = "https://storage.googleapis.com/skaffold/releases/v2.24.0/skaffold-linux-amd64"

[[tools.sops]]
version = "3.13.3"
backend = "aqua:getsops/sops"

[tools.sops."platforms.linux-x64"]
checksum = "sha256:e5bec3346a873ae91d871550f3e698c1aad962aff462a080e40f25fde17fef6b"
url = "https://github.com/getsops/sops/releases/download/v3.13.3/sops-v3.13.3.linux.amd64"
url_api = "https://api.github.com/repos/getsops/sops/releases/assets/486808201"

[tools.sops."platforms.linux-x64".provenance.slsa]
url = "https://github.com/getsops/sops/releases/download/v3.13.3/sops-v3.13.3.intoto.jsonl"

[[tools.stern]]
version = "1.34.0"
backend = "aqua:stern/stern"

[tools.stern."platforms.linux-x64"]
checksum = "sha256:7754adfa653939240f7d20fff4ada9b69cda40c9e70732301f67bb8045f1ef3e"
url = "https://github.com/stern/stern/releases/download/v1.34.0/stern_1.34.0_linux_amd64.tar.gz"
url_api = "https://api.github.com/repos/stern/stern/releases/assets/410516137"

[[tools.stylua]]
version = "2.5.2"
backend = "aqua:JohnnyMorganz/StyLua"

[tools.stylua."platforms.linux-x64"]
checksum = "sha256:ca6f1cf52eaf69e6632b81acef9c197aa24b85eb30d2455a35e7dbe28ae77c72"
url = "https://github.com/JohnnyMorganz/StyLua/releases/download/v2.5.2/stylua-linux-x86_64-musl.zip"
url_api = "https://api.github.com/repos/JohnnyMorganz/StyLua/releases/assets/421901066"

[[tools.taplo]]
version = "0.10.0"
backend = "aqua:tamasfe/taplo"

[tools.taplo."platforms.linux-x64"]
checksum = "blake3:4871fab0e60275a1eb46e7190726e144f56c9a9527f59b0d1da5a042baead8e2"
url = "https://github.com/tamasfe/taplo/releases/download/0.10.0/taplo-linux-x86_64.gz"
url_api = "https://api.github.com/repos/tamasfe/taplo/releases/assets/257322600"

[[tools.terraform]]
version = "1.15.8"
backend = "aqua:hashicorp/terraform"

[tools.terraform."platforms.linux-x64"]
checksum = "sha256:d25ce7b6902013ad905db3d2eab0be4cd905887fe88b81a6171b8d5503c31f3d"
url = "https://releases.hashicorp.com/terraform/1.15.8/terraform_1.15.8_linux_amd64.zip"

[[tools.terraform-docs]]
version = "0.20.0"
backend = "aqua:terraform-docs/terraform-docs"

[tools.terraform-docs."platforms.linux-x64"]
checksum = "sha256:34ae01772412bb11474e6718ea62113e38ff5964ee570a98c69fafe3a6dff286"
url = "https://github.com/terraform-docs/terraform-docs/releases/download/v0.20.0/terraform-docs-v0.20.0-linux-amd64.tar.gz"
url_api = "https://api.github.com/repos/terraform-docs/terraform-docs/releases/assets/243634277"

[[tools.terraform-ls]]
version = "0.38.1"
backend = "aqua:hashicorp/terraform-ls"

[tools.terraform-ls."platforms.linux-x64"]
checksum = "sha256:c5869f946b0d17e2c13157dc3bc2aea87fab12d39ac17b3a198102332e79bf62"
url = "https://releases.hashicorp.com/terraform-ls/0.38.1/terraform-ls_0.38.1_linux_amd64.zip"

[[tools.terragrunt]]
version = "1.1.1"
backend = "aqua:gruntwork-io/terragrunt"

[tools.terragrunt."platforms.linux-x64"]
checksum = "sha256:ce90077ac31ef17a2ba10d11d45f36c6501997a8f4f79d703bb7daba37032f53"
url = "https://github.com/gruntwork-io/terragrunt/releases/download/v1.1.1/terragrunt_linux_amd64.tar.gz"
url_api = "https://api.github.com/repos/gruntwork-io/terragrunt/releases/assets/476785968"

[[tools.tflint]]
version = "0.64.0"
backend = "aqua:terraform-linters/tflint"

[tools.tflint."platforms.linux-x64"]
checksum = "sha256:cca9d13e2e1d7a2c627af60ff899a3c9b74212899416aeb96ec764d2ef954537"
url = "https://github.com/terraform-linters/tflint/releases/download/v0.64.0/tflint_linux_amd64.zip"
url_api = "https://api.github.com/repos/terraform-linters/tflint/releases/assets/480528344"
provenance = "github-attestations"

[[tools.trivy]]
version = "0.73.0"
backend = "aqua:aquasecurity/trivy"

[tools.trivy."platforms.linux-x64"]
checksum = "sha256:2edd39da482bb4e9831962487b68f68e3928ec3137794757f54d00383d79547b"
url = "https://github.com/aquasecurity/trivy/releases/download/v0.73.0/trivy_0.73.0_Linux-64bit.tar.gz"
url_api = "https://api.github.com/repos/aquasecurity/trivy/releases/assets/499939909"
provenance = "cosign"

[[tools.ty]]
version = "0.0.72"
backend = "aqua:astral-sh/ty"

[tools.ty."platforms.linux-x64"]
checksum = "sha256:0a0f8025cac337bf4939f65fea4f71652d8e2a2bab12c3a2e45b15bcdd1be626"
url = "https://github.com/astral-sh/ty/releases/download/0.0.72/ty-x86_64-unknown-linux-musl.tar.gz"
url_api = "https://api.github.com/repos/astral-sh/ty/releases/assets/514948432"
provenance = "github-attestations"

[[tools.typos]]
version = "1.49.0"
backend = "aqua:crate-ci/typos"

[tools.typos."platforms.linux-x64"]
checksum = "sha256:48bd2d58e02ce713b8c0f1aa239e68ee4f7d8c551013135806e6aed3938d9e10"
url = "https://github.com/crate-ci/typos/releases/download/v1.49.0/typos-v1.49.0-x86_64-unknown-linux-musl.tar.gz"
url_api = "https://api.github.com/repos/crate-ci/typos/releases/assets/500261019"

[[tools.uv]]
version = "0.12.5"
backend = "aqua:astral-sh/uv"

[tools.uv."platforms.linux-x64"]
checksum = "sha256:a4742988791c9aeae68c78150d6cba762062ad2a47e53738c2779d2b596bfcdb"
url = "https://github.com/astral-sh/uv/releases/download/0.12.5/uv-x86_64-unknown-linux-musl.tar.gz"
url_api = "https://api.github.com/repos/astral-sh/uv/releases/assets/514851105"
provenance = "github-attestations"

[[tools.worktrunk]]
version = "0.23.2"
backend = "aqua:max-sixty/worktrunk"

[tools.worktrunk."platforms.linux-x64"]
checksum = "sha256:95030d092e493a2c3f4e1341536e8cf4fe1aaeff5951039b07f1b3fe35141ae2"
url = "https://github.com/max-sixty/worktrunk/releases/download/v0.23.2/worktrunk-x86_64-unknown-linux-musl.tar.xz"
url_api = "https://api.github.com/repos/max-sixty/worktrunk/releases/assets/354077794"

[[tools.yamlfmt]]
version = "0.21.0"
backend = "aqua:google/yamlfmt"

[tools.yamlfmt."platforms.linux-x64"]
checksum = "sha256:1f300d9257b232bb3b541d7fb1b0e6b3c121bcbab381c86cd38cb8722be8a566"
url = "https://github.com/google/yamlfmt/releases/download/v0.21.0/yamlfmt_0.21.0_Linux_x86_64.tar.gz"
url_api = "https://api.github.com/repos/google/yamlfmt/releases/assets/336650203"

[[tools.yamllint]]
version = "1.38.0"
backend = "pipx:yamllint"

[[tools.yq]]
version = "4.53.3"
backend = "aqua:mikefarah/yq"

[tools.yq."platforms.linux-x64"]
checksum = "sha256:fa52a4e758c63d38299163fbdd1edfb4c4963247918bf9c1c5d31d84789eded4"
url = "https://github.com/mikefarah/yq/releases/download/v4.53.3/yq_linux_amd64"
url_api = "https://api.github.com/repos/mikefarah/yq/releases/assets/440146735"
provenance = "cosign"

[[tools.zizmor]]
version = "1.29.0"
backend = "aqua:zizmorcore/zizmor"

[tools.zizmor."platforms.linux-x64"]
checksum = "sha256:dd96df044a6e8538d5f423790f453bdd03d49e5b2bcc38214acc41a2f1297839"
url = "https://github.com/zizmorcore/zizmor/releases/download/v1.29.0/zizmor-x86_64-unknown-linux-gnu.tar.gz"
url_api = "https://api.github.com/repos/zizmorcore/zizmor/releases/assets/498263145"
provenance = "github-attestations"
